
Microsoft Visual Studio Solution File, Format Version 12.00
# Visual Studio Version 17
VisualStudioVersion = 17.4.33205.214
MinimumVisualStudioVersion = 10.0.40219.1
Project("{FAE04EC0-301F-11D3-BF4B-00C04F79EFBC}") = "Calculator", "Calculator\Calculator.csproj", "{B6FC4A31-0F04-4FE2-8228-C1D2A477E941}"
EndProject
Project("{FAE04EC0-301F-11D3-BF4B-00C04F79EFBC}") = "DebuggingApplication", "DebuggingApplication\DebuggingApplication.csproj", "{A5768C70-4E34-486C-A89B-032921C2165D}"
EndProject
Global
	GlobalSection(SolutionConfigurationPlatforms) = preSolution
		Debug|Any CPU = Debug|Any CPU
		Release|Any CPU = Release|Any CPU
	EndGlobalSection
	GlobalSection(ProjectConfigurationPlatforms) = postSolution
		{B6FC4A31-0F04-4FE2-8228-C1D2A477E941}.Debug|Any CPU.ActiveCfg = Debug|Any CPU
		{B6FC4A31-0F04-4FE2-8228-C1D2A477E941}.Debug|Any CPU.Build.0 = Debug|Any CPU
		{B6FC4A31-0F04-4FE2-8228-C1D2A477E941}.Release|Any CPU.ActiveCfg = Release|Any CPU
		{B6FC4A31-0F04-4FE2-8228-C1D2A477E941}.Release|Any CPU.Build.0 = Release|Any CPU
		{A5768C70-4E34-486C-A89B-032921C2165D}.Debug|Any CPU.ActiveCfg = Debug|Any CPU
		{A5768C70-4E34-486C-A89B-032921C2165D}.Debug|Any CPU.Build.0 = Debug|Any CPU
		{A5768C70-4E34-486C-A89B-032921C2165D}.Release|Any CPU.ActiveCfg = Release|Any CPU
		{A5768C70-4E34-486C-A89B-032921C2165D}.Release|Any CPU.Build.0 = Release|Any CPU
	EndGlobalSection
	GlobalSection(SolutionProperties) = preSolution
		HideSolutionNode = FALSE
	EndGlobalSection
	GlobalSection(ExtensibilityGlobals) = postSolution
		SolutionGuid = {7765C870-9458-4FD1-BD99-709089F7BEEB}
	EndGlobalSection
EndGlobal
